<?xml version="1.0" encoding="utf-8"?>
<Project ToolsVersion="4.0" xmlns="http://schemas.microsoft.com/developer/msbuild/2003">
  <ItemGroup>
    <Filter Include="소스 파일">
      <UniqueIdentifier>{4FC737F1-C7A5-4376-A066-2A32D752A2FF}</UniqueIdentifier>
      <Extensions>cpp;c;cc;cxx;def;odl;idl;hpj;bat;asm;asmx</Extensions>
    </Filter>
    <Filter Include="헤더 파일">
      <UniqueIdentifier>{93995380-89BD-4b04-88EB-625FBE52EBFB}</UniqueIdentifier>
      <Extensions>h;hh;hpp;hxx;hm;inl;inc;xsd</Extensions>
    </Filter>
    <Filter Include="리소스 파일">
      <UniqueIdentifier>{67DA6AB6-F800-4c08-8B7A-83BB121AAD01}</UniqueIdentifier>
      <Extensions>rc;ico;cur;bmp;dlg;rc2;rct;bin;rgs;gif;jpg;jpeg;jpe;resx;tiff;tif;png;wav;mfcribbon-ms</Extensions>
    </Filter>
    <Filter Include="소스 파일\자료구조">
      <UniqueIdentifier>{f5be2918-2e51-4978-b005-40b8792bcb27}</UniqueIdentifier>
    </Filter>
    <Filter Include="소스 파일\algorithm">
      <UniqueIdentifier>{81cd1c30-c518-48eb-a83b-374f38b3ab14}</UniqueIdentifier>
    </Filter>
    <Filter Include="소스 파일\c언어심화">
      <UniqueIdentifier>{439c35db-ecc9-46c3-a7a1-9dbfa8f16542}</UniqueIdentifier>
    </Filter>
  </ItemGroup>
  <ItemGroup>
    <ClCompile Include="datastructure-lab-170821.c">
      <Filter>소스 파일\자료구조</Filter>
    </ClCompile>
    <ClCompile Include="datastructure-sol-170821.c">
      <Filter>소스 파일\자료구조</Filter>
    </ClCompile>
    <ClCompile Include="170822-workshop-datastructure.c">
      <Filter>소스 파일\자료구조</Filter>
    </ClCompile>
    <ClCompile Include="170823-workshop.datastructure.c">
      <Filter>소스 파일\자료구조</Filter>
    </ClCompile>
    <ClCompile Include="moredeepdive.c">
      <Filter>소스 파일\c언어심화</Filter>
    </ClCompile>
    <ClCompile Include="moredeepdive_sol.c">
      <Filter>소스 파일\c언어심화</Filter>
    </ClCompile>
  </ItemGroup>
  <ItemGroup>
    <Text Include="in.txt">
      <Filter>소스 파일\algorithm</Filter>
    </Text>
    <Text Include="todolist.txt">
      <Filter>소스 파일\algorithm</Filter>
    </Text>
  </ItemGroup>
</Project>